{
  "name": "@satachito/jp-formula",
  "version": "1.0.0",
  "lockfileVersion": 2,
  "requires": true,
  "packages": {
    "": {
      "name": "@satachito/jp-formula",
      "version": "1.0.0",
      "license": "MIT",
      "dependencies": {
        "@satachito/slip": "^1.0.0"
      }
    },
    "node_modules/@satachito/slip": {
      "version": "1.0.0",
      "resolved": "https://registry.npmjs.org/@satachito/slip/-/slip-1.0.0.tgz",
      "integrity": "sha512-a2QBMkTFvXSJOrCpF3z7mggSSwxZlT8/oZrTsv+UAAWaaWk4jiJqZz5Xq1enaDo7XcYBaiYB67SYHQBUayegVQ=="
    }
  },
  "dependencies": {
    "@satachito/slip": {
      "version": "1.0.0",
      "resolved": "https://registry.npmjs.org/@satachito/slip/-/slip-1.0.0.tgz",
      "integrity": "sha512-a2QBMkTFvXSJOrCpF3z7mggSSwxZlT8/oZrTsv+UAAWaaWk4jiJqZz5Xq1enaDo7XcYBaiYB67SYHQBUayegVQ=="
    }
  }
}
